
Microsoft Visual Studio Solution File, Format Version 12.00
# Visual Studio Version 17
VisualStudioVersion = 17.5.002.0
MinimumVisualStudioVersion = 10.0.40219.1
Project("{9A19103F-16F7-4668-BE54-9A1E7A4F7556}") = "ApiKeyManager.Api", "ApiKeyManager.Api.csproj", "{B4E9FDE7-9468-47A1-8FCC-24581EC0EB77}"
EndProject
Global
	GlobalSection(SolutionConfigurationPlatforms) = preSolution
		Debug|Any CPU = Debug|Any CPU
		Release|Any CPU = Release|Any CPU
	EndGlobalSection
	GlobalSection(ProjectConfigurationPlatforms) = postSolution
		{B4E9FDE7-9468-47A1-8FCC-24581EC0EB77}.Debug|Any CPU.ActiveCfg = Debug|Any CPU
		{B4E9FDE7-9468-47A1-8FCC-24581EC0EB77}.Debug|Any CPU.Build.0 = Debug|Any CPU
		{B4E9FDE7-9468-47A1-8FCC-24581EC0EB77}.Release|Any CPU.ActiveCfg = Release|Any CPU
		{B4E9FDE7-9468-47A1-8FCC-24581EC0EB77}.Release|Any CPU.Build.0 = Release|Any CPU
	EndGlobalSection
	GlobalSection(SolutionProperties) = preSolution
		HideSolutionNode = FALSE
	EndGlobalSection
	GlobalSection(ExtensibilityGlobals) = postSolution
		SolutionGuid = {AEDCBAA5-D8BD-4C27-9FEB-109387570BC9}
	EndGlobalSection
EndGlobal
